
Microsoft Visual Studio Solution File, Format Version 12.00
# Visual Studio Version 16
VisualStudioVersion = 16.0.810.6
MinimumVisualStudioVersion = 10.0.40219.1
Project("{FAE04EC0-301F-11D3-BF4B-00C04F79EFBC}") = "Bmi", "Bmi.csproj", "{A65CF37C-2B0D-4D3B-9E9A-CA63707B84C2}"
EndProject
Project("{9344BDBB-3E7F-41FC-A0DD-8665D75EE146}") = "Data", "Data\Data.csproj", "{45485393-697A-4B2F-A970-E29EE0131CBC}"
EndProject
Global
	GlobalSection(SolutionConfigurationPlatforms) = preSolution
		Debug|Any CPU = Debug|Any CPU
		Release|Any CPU = Release|Any CPU
	EndGlobalSection
	GlobalSection(ProjectConfigurationPlatforms) = postSolution
		{A65CF37C-2B0D-4D3B-9E9A-CA63707B84C2}.Debug|Any CPU.ActiveCfg = Debug|Any CPU
		{A65CF37C-2B0D-4D3B-9E9A-CA63707B84C2}.Debug|Any CPU.Build.0 = Debug|Any CPU
		{A65CF37C-2B0D-4D3B-9E9A-CA63707B84C2}.Release|Any CPU.ActiveCfg = Release|Any CPU
		{A65CF37C-2B0D-4D3B-9E9A-CA63707B84C2}.Release|Any CPU.Build.0 = Release|Any CPU
		{45485393-697A-4B2F-A970-E29EE0131CBC}.Debug|Any CPU.ActiveCfg = Debug|Any CPU
		{45485393-697A-4B2F-A970-E29EE0131CBC}.Debug|Any CPU.Build.0 = Debug|Any CPU
		{45485393-697A-4B2F-A970-E29EE0131CBC}.Release|Any CPU.ActiveCfg = Release|Any CPU
		{45485393-697A-4B2F-A970-E29EE0131CBC}.Release|Any CPU.Build.0 = Release|Any CPU
	EndGlobalSection
	GlobalSection(SolutionProperties) = preSolution
		HideSolutionNode = FALSE
	EndGlobalSection
	GlobalSection(ExtensibilityGlobals) = postSolution
		SolutionGuid = {14738C02-0F3E-406B-8BB0-893710C14042}
	EndGlobalSection
EndGlobal
